# This file is autogenerated, do not edit; changes may be undone by the next 'dep ensure'.


[[projects]]
  name = "github.com/BurntSushi/toml"
  packages = ["."]
  revision = "b26d9c308763d68093482582cea63d69be07a0f0"
  version = "v0.3.0"

[[projects]]
  name = "github.com/PuerkitoBio/purell"
  packages = ["."]
  revision = "0bcb03f4b4d0a9428594752bd2a3b9aa0a9d4bd4"
  version = "v1.1.0"

[[projects]]
  branch = "master"
  name = "github.com/PuerkitoBio/urlesc"
  packages = ["."]
  revision = "de5bf2ad457846296e2031421a34e2568e304e35"

[[projects]]
  branch = "master"
  name = "github.com/dustin/go-humanize"
  packages = ["."]
  revision = "79e699ccd02f240a1f1fbbdcee7e64c1c12e41aa"

[[projects]]
  name = "github.com/go-redis/redis"
  packages = [".","internal","internal/consistenthash","internal/hashtag","internal/pool","internal/proto"]
  revision = "8e6b51ec3a92ec095dcbd2439c7a3eec6b6cb586"
  version = "v6.7.1"

[[projects]]
  branch = "master"
  name = "github.com/goware/urlx"
  packages = ["."]
  revision = "e22571dfbd216d3ca34207d9a1d877f38d8f051c"

[[projects]]
  branch = "master"
  name = "github.com/jcelliott/lumber"
  packages = ["."]
  revision = "dd349441af25132d146d7095c6693a15431fc9b1"

[[projects]]
  name = "github.com/pkg/errors"
  packages = ["."]
  revision = "645ef00459ed84a119197bfb8d8205042c6df63d"
  version = "v0.8.0"

[[projects]]
  branch = "master"
  name = "github.com/schollz/collectlinks"
  packages = ["."]
  revision = "38870c824643945a129396eea5ff05a78ad9fd66"

[[projects]]
  name = "github.com/schollz/pluck"
  packages = ["pluck","pluck/striphtml"]
  revision = "edb8eaf4e9dbcf819bafa5f9032048628cbfd42c"
  version = "v1.1.1"

[[projects]]
  name = "github.com/sirupsen/logrus"
  packages = ["."]
  revision = "f006c2ac4710855cf0f916dd6b77acf6b048dc6e"
  version = "v1.0.3"

[[projects]]
  name = "github.com/urfave/cli"
  packages = ["."]
  revision = "cfb38830724cc34fedffe9a2a29fb54fa9169cd1"
  version = "v1.20.0"

[[projects]]
  branch = "master"
  name = "golang.org/x/crypto"
  packages = ["ssh/terminal"]
  revision = "9419663f5a44be8b34ca85f08abc5fe1be11f8a3"

[[projects]]
  branch = "master"
  name = "golang.org/x/net"
  packages = ["html","html/atom","idna","proxy"]
  revision = "a04bdaca5b32abe1c069418fb7088ae607de5bd0"

[[projects]]
  branch = "master"
  name = "golang.org/x/sys"
  packages = ["unix","windows"]
  revision = "ebfc5b4631820b793c9010c87fd8fef0f39eb082"

[[projects]]
  branch = "master"
  name = "golang.org/x/text"
  packages = ["collate","collate/build","internal/colltab","internal/gen","internal/tag","internal/triegen","internal/ucd","language","secure/bidirule","transform","unicode/bidi","unicode/cldr","unicode/norm","unicode/rangetable","width"]
  revision = "825fc78a2fd6fa0a5447e300189e3219e05e1f25"

[solve-meta]
  analyzer-name = "dep"
  analyzer-version = 1
  inputs-digest = "36694342030e3b64f47b637a400c7ec2c7e2490ac23d59ec6d9ac977a1366adf"
  solver-name = "gps-cdcl"
  solver-version = 1
